
Microsoft Visual Studio Solution File, Format Version 12.00
# Visual Studio 15
VisualStudioVersion = 15.0.28307.539
MinimumVisualStudioVersion = 10.0.40219.1
Project("{2150E333-8FDC-42A3-9474-1A3956D46DE8}") = "Common", "Common", "{AA40F913-E669-45F6-BE9B-73D16AEE2C8A}"
EndProject
Project("{2150E333-8FDC-42A3-9474-1A3956D46DE8}") = "Services", "Services", "{9899BDFA-F71C-440D-B838-4910EBC35689}"
EndProject
Project("{2150E333-8FDC-42A3-9474-1A3956D46DE8}") = "UI", "UI", "{38E64196-5631-4DBC-9845-214CD2B1EC4B}"
EndProject
Project("{9A19103F-16F7-4668-BE54-9A1E7A4F7556}") = "WebStore.DAL", "Services\WebStore.DAL\WebStore.DAL.csproj", "{383B0B33-2795-4AA4-B654-1F4C654EB182}"
EndProject
Project("{9A19103F-16F7-4668-BE54-9A1E7A4F7556}") = "WebStore.Domain", "Common\WebStore.Domain\WebStore.Domain.csproj", "{CAE131FF-DBFA-4129-B82A-67EBBBFE973F}"
EndProject
Project("{9A19103F-16F7-4668-BE54-9A1E7A4F7556}") = "WebStore", "UI\WebStore\WebStore.csproj", "{BFA69329-06C8-4107-AE2F-A2291451C3D6}"
EndProject
Project("{9A19103F-16F7-4668-BE54-9A1E7A4F7556}") = "WebStore.Interfaces", "Services\WebStore.Interfaces\WebStore.Interfaces.csproj", "{23B15FAE-9712-4641-9CE8-0C0396CD382C}"
EndProject
Project("{9A19103F-16F7-4668-BE54-9A1E7A4F7556}") = "WebStore.ServiceHosting", "Services\WebStore.ServiceHosting\WebStore.ServiceHosting.csproj", "{0B9AFCB8-D099-4104-BB6C-1C5ACEC9BD5C}"
EndProject
Project("{9A19103F-16F7-4668-BE54-9A1E7A4F7556}") = "WebStore.Clients", "Services\WebStore.Clients\WebStore.Clients.csproj", "{75314599-9C57-40FC-96A9-43589FB0E098}"
EndProject
Project("{9A19103F-16F7-4668-BE54-9A1E7A4F7556}") = "WebStore.Services", "Services\WebStore.Services\WebStore.Services.csproj", "{62C82641-FE09-41B6-AA96-B09C09F07654}"
EndProject
Project("{9A19103F-16F7-4668-BE54-9A1E7A4F7556}") = "WebStore.Logger", "Common\WebStore.Logger\WebStore.Logger.csproj", "{2C11B6A7-A8C4-48E2-93E6-7E3E362BEED9}"
EndProject
Project("{2150E333-8FDC-42A3-9474-1A3956D46DE8}") = "Tests", "Tests", "{83718EED-C8C8-4F32-90CF-B901884D9F8F}"
EndProject
Project("{FAE04EC0-301F-11D3-BF4B-00C04F79EFBC}") = "WebStore.Tests", "Tests\WebStore.Tests\WebStore.Tests.csproj", "{4302AFA1-5B48-4C37-9B19-5CC76790334E}"
EndProject
Project("{FAE04EC0-301F-11D3-BF4B-00C04F79EFBC}") = "WebStore.Services.Tests", "Tests\WebStore.Services.Tests\WebStore.Services.Tests.csproj", "{9B0D03CD-4B11-4737-B552-980C8C549A5D}"
EndProject
Global
	GlobalSection(SolutionConfigurationPlatforms) = preSolution
		Debug|Any CPU = Debug|Any CPU
		Release|Any CPU = Release|Any CPU
	EndGlobalSection
	GlobalSection(ProjectConfigurationPlatforms) = postSolution
		{383B0B33-2795-4AA4-B654-1F4C654EB182}.Debug|Any CPU.ActiveCfg = Debug|Any CPU
		{383B0B33-2795-4AA4-B654-1F4C654EB182}.Debug|Any CPU.Build.0 = Debug|Any CPU
		{383B0B33-2795-4AA4-B654-1F4C654EB182}.Release|Any CPU.ActiveCfg = Release|Any CPU
		{383B0B33-2795-4AA4-B654-1F4C654EB182}.Release|Any CPU.Build.0 = Release|Any CPU
		{CAE131FF-DBFA-4129-B82A-67EBBBFE973F}.Debug|Any CPU.ActiveCfg = Debug|Any CPU
		{CAE131FF-DBFA-4129-B82A-67EBBBFE973F}.Debug|Any CPU.Build.0 = Debug|Any CPU
		{CAE131FF-DBFA-4129-B82A-67EBBBFE973F}.Release|Any CPU.ActiveCfg = Release|Any CPU
		{CAE131FF-DBFA-4129-B82A-67EBBBFE973F}.Release|Any CPU.Build.0 = Release|Any CPU
		{BFA69329-06C8-4107-AE2F-A2291451C3D6}.Debug|Any CPU.ActiveCfg = Debug|Any CPU
		{BFA69329-06C8-4107-AE2F-A2291451C3D6}.Debug|Any CPU.Build.0 = Debug|Any CPU
		{BFA69329-06C8-4107-AE2F-A2291451C3D6}.Release|Any CPU.ActiveCfg = Release|Any CPU
		{BFA69329-06C8-4107-AE2F-A2291451C3D6}.Release|Any CPU.Build.0 = Release|Any CPU
		{23B15FAE-9712-4641-9CE8-0C0396CD382C}.Debug|Any CPU.ActiveCfg = Debug|Any CPU
		{23B15FAE-9712-4641-9CE8-0C0396CD382C}.Debug|Any CPU.Build.0 = Debug|Any CPU
		{23B15FAE-9712-4641-9CE8-0C0396CD382C}.Release|Any CPU.ActiveCfg = Release|Any CPU
		{23B15FAE-9712-4641-9CE8-0C0396CD382C}.Release|Any CPU.Build.0 = Release|Any CPU
		{0B9AFCB8-D099-4104-BB6C-1C5ACEC9BD5C}.Debug|Any CPU.ActiveCfg = Debug|Any CPU
		{0B9AFCB8-D099-4104-BB6C-1C5ACEC9BD5C}.Debug|Any CPU.Build.0 = Debug|Any CPU
		{0B9AFCB8-D099-4104-BB6C-1C5ACEC9BD5C}.Release|Any CPU.ActiveCfg = Release|Any CPU
		{0B9AFCB8-D099-4104-BB6C-1C5ACEC9BD5C}.Release|Any CPU.Build.0 = Release|Any CPU
		{75314599-9C57-40FC-96A9-43589FB0E098}.Debug|Any CPU.ActiveCfg = Debug|Any CPU
		{75314599-9C57-40FC-96A9-43589FB0E098}.Debug|Any CPU.Build.0 = Debug|Any CPU
		{75314599-9C57-40FC-96A9-43589FB0E098}.Release|Any CPU.ActiveCfg = Release|Any CPU
		{75314599-9C57-40FC-96A9-43589FB0E098}.Release|Any CPU.Build.0 = Release|Any CPU
		{62C82641-FE09-41B6-AA96-B09C09F07654}.Debug|Any CPU.ActiveCfg = Debug|Any CPU
		{62C82641-FE09-41B6-AA96-B09C09F07654}.Debug|Any CPU.Build.0 = Debug|Any CPU
		{62C82641-FE09-41B6-AA96-B09C09F07654}.Release|Any CPU.ActiveCfg = Release|Any CPU
		{62C82641-FE09-41B6-AA96-B09C09F07654}.Release|Any CPU.Build.0 = Release|Any CPU
		{2C11B6A7-A8C4-48E2-93E6-7E3E362BEED9}.Debug|Any CPU.ActiveCfg = Debug|Any CPU
		{2C11B6A7-A8C4-48E2-93E6-7E3E362BEED9}.Debug|Any CPU.Build.0 = Debug|Any CPU
		{2C11B6A7-A8C4-48E2-93E6-7E3E362BEED9}.Release|Any CPU.ActiveCfg = Release|Any CPU
		{2C11B6A7-A8C4-48E2-93E6-7E3E362BEED9}.Release|Any CPU.Build.0 = Release|Any CPU
		{4302AFA1-5B48-4C37-9B19-5CC76790334E}.Debug|Any CPU.ActiveCfg = Debug|Any CPU
		{4302AFA1-5B48-4C37-9B19-5CC76790334E}.Debug|Any CPU.Build.0 = Debug|Any CPU
		{4302AFA1-5B48-4C37-9B19-5CC76790334E}.Release|Any CPU.ActiveCfg = Release|Any CPU
		{4302AFA1-5B48-4C37-9B19-5CC76790334E}.Release|Any CPU.Build.0 = Release|Any CPU
		{9B0D03CD-4B11-4737-B552-980C8C549A5D}.Debug|Any CPU.ActiveCfg = Debug|Any CPU
		{9B0D03CD-4B11-4737-B552-980C8C549A5D}.Debug|Any CPU.Build.0 = Debug|Any CPU
		{9B0D03CD-4B11-4737-B552-980C8C549A5D}.Release|Any CPU.ActiveCfg = Release|Any CPU
		{9B0D03CD-4B11-4737-B552-980C8C549A5D}.Release|Any CPU.Build.0 = Release|Any CPU
	EndGlobalSection
	GlobalSection(SolutionProperties) = preSolution
		HideSolutionNode = FALSE
	EndGlobalSection
	GlobalSection(NestedProjects) = preSolution
		{383B0B33-2795-4AA4-B654-1F4C654EB182} = {9899BDFA-F71C-440D-B838-4910EBC35689}
		{CAE131FF-DBFA-4129-B82A-67EBBBFE973F} = {AA40F913-E669-45F6-BE9B-73D16AEE2C8A}
		{BFA69329-06C8-4107-AE2F-A2291451C3D6} = {38E64196-5631-4DBC-9845-214CD2B1EC4B}
		{23B15FAE-9712-4641-9CE8-0C0396CD382C} = {9899BDFA-F71C-440D-B838-4910EBC35689}
		{0B9AFCB8-D099-4104-BB6C-1C5ACEC9BD5C} = {9899BDFA-F71C-440D-B838-4910EBC35689}
		{75314599-9C57-40FC-96A9-43589FB0E098} = {9899BDFA-F71C-440D-B838-4910EBC35689}
		{62C82641-FE09-41B6-AA96-B09C09F07654} = {9899BDFA-F71C-440D-B838-4910EBC35689}
		{2C11B6A7-A8C4-48E2-93E6-7E3E362BEED9} = {AA40F913-E669-45F6-BE9B-73D16AEE2C8A}
		{4302AFA1-5B48-4C37-9B19-5CC76790334E} = {83718EED-C8C8-4F32-90CF-B901884D9F8F}
		{9B0D03CD-4B11-4737-B552-980C8C549A5D} = {83718EED-C8C8-4F32-90CF-B901884D9F8F}
	EndGlobalSection
	GlobalSection(ExtensibilityGlobals) = postSolution
		SolutionGuid = {B16EAC2B-A02E-41D4-959B-641E5E123B0C}
	EndGlobalSection
EndGlobal
